// !$*UTF8*$!
{
	archiveVersion = 1;
	classes = {
	};
	objectVersion = 50;
	objects = {

/* Begin PBXBuildFile section */
		28AFF1F32202AD66009839DD /* AppDelegate.swift in Sources */ = {isa = PBXBuildFile; fileRef = 28AFF1F22202AD66009839DD /* AppDelegate.swift */; };
		28AFF1F52202AD66009839DD /* ViewController.swift in Sources */ = {isa = PBXBuildFile; fileRef = 28AFF1F42202AD66009839DD /* ViewController.swift */; };
		28AFF1F82202AD66009839DD /* Main.storyboard in Resources */ = {isa = PBXBuildFile; fileRef = 28AFF1F62202AD66009839DD /* Main.storyboard */; };
		28AFF1FB2202AD66009839DD /* NotHotdogSolution.xcdatamodeld in Sources */ = {isa = PBXBuildFile; fileRef = 28AFF1F92202AD66009839DD /* NotHotdogSolution.xcdatamodeld */; };
		28AFF1FD2202AD68009839DD /* Assets.xcassets in Resources */ = {isa = PBXBuildFile; fileRef = 28AFF1FC2202AD68009839DD /* Assets.xcassets */; };
		28AFF2002202AD68009839DD /* LaunchScreen.storyboard in Resources */ = {isa = PBXBuildFile; fileRef = 28AFF1FE2202AD68009839DD /* LaunchScreen.storyboard */; };
/* End PBXBuildFile section */

/* Begin PBXFileReference section */
		28AFF1EF2202AD66009839DD /* NotHotdogSolution.app */ = {isa = PBXFileReference; explicitFileType = wrapper.application; includeInIndex = 0; path = NotHotdogSolution.app; sourceTree = BUILT_PRODUCTS_DIR; };
		28AFF1F22202AD66009839DD /* AppDelegate.swift */ = {isa = PBXFileReference; lastKnownFileType = sourcecode.swift; path = AppDelegate.swift; sourceTree = "<group>"; };
		28AFF1F42202AD66009839DD /* ViewController.swift */ = {isa = PBXFileReference; lastKnownFileType = sourcecode.swift; path = ViewController.swift; sourceTree = "<group>"; };
		28AFF1F72202AD66009839DD /* Base */ = {isa = PBXFileReference; lastKnownFileType = file.storyboard; name = Base; path = Base.lproj/Main.storyboard; sourceTree = "<group>"; };
		28AFF1FA2202AD66009839DD /* NotHotdogSolution.xcdatamodel */ = {isa = PBXFileReference; lastKnownFileType = wrapper.xcdatamodel; path = NotHotdogSolution.xcdatamodel; sourceTree = "<group>"; };
		28AFF1FC2202AD68009839DD /* Assets.xcassets */ = {isa = PBXFileReference; lastKnownFileType = folder.assetcatalog; path = Assets.xcassets; sourceTree = "<group>"; };
		28AFF1FF2202AD68009839DD /* Base */ = {isa = PBXFileReference; lastKnownFileType = file.storyboard; name = Base; path = Base.lproj/LaunchScreen.storyboard; sourceTree = "<group>"; };
		28AFF2012202AD68009839DD /* Info.plist */ = {isa = PBXFileReference; lastKnownFileType = text.plist.xml; path = Info.plist; sourceTree = "<group>"; };
/* End PBXFileReference section */

/* Begin PBXFrameworksBuildPhase section */
		28AFF1EC2202AD66009839DD /* Frameworks */ = {
			isa = PBXFrameworksBuildPhase;
			buildActionMask = 2147483647;
			files = (
			);
			runOnlyForDeploymentPostprocessing = 0;
		};
/* End PBXFrameworksBuildPhase section */

/* Begin PBXGroup section */
		28AFF1E62202AD66009839DD = {
			isa = PBXGroup;
			children = (
				28AFF1F12202AD66009839DD /* NotHotdogSolution */,
				28AFF1F02202AD66009839DD /* Products */,
			);
			sourceTree = "<group>";
		};
		28AFF1F02202AD66009839DD /* Products */ = {
			isa = PBXGroup;
			children = (
				28AFF1EF2202AD66009839DD /* NotHotdogSolution.app */,
			);
			name = Products;
			sourceTree = "<group>";
		};
		28AFF1F12202AD66009839DD /* NotHotdogSolution */ = {
			isa = PBXGroup;
			children = (
				28AFF1F22202AD66009839DD /* AppDelegate.swift */,
				28AFF1F42202AD66009839DD /* ViewController.swift */,
				28AFF1F62202AD66009839DD /* Main.storyboard */,
				28AFF1FC2202AD68009839DD /* Assets.xcassets */,
				28AFF1FE2202AD68009839DD /* LaunchScreen.storyboard */,
				28AFF2012202AD68009839DD /* Info.plist */,
				28AFF1F92202AD66009839DD /* NotHotdogSolution.xcdatamodeld */,
			);
			path = NotHotdogSolution;
			sourceTree = "<group>";
		};
/* End PBXGroup section */

/* Begin PBXNativeTarget section */
		28AFF1EE2202AD66009839DD /* NotHotdogSolution */ = {
			isa = PBXNativeTarget;
			buildConfigurationList = 28AFF2042202AD68009839DD /* Build configuration list for PBXNativeTarget "NotHotdogSolution" */;
			buildPhases = (
				28AFF1EB2202AD66009839DD /* Sources */,
				28AFF1EC2202AD66009839DD /* Frameworks */,
				28AFF1ED2202AD66009839DD /* Resources */,
			);
			buildRules = (
			);
			dependencies = (
			);
			name = NotHotdogSolution;
			productName = NotHotdogSolution;
			productReference = 28AFF1EF2202AD66009839DD /* NotHotdogSolution.app */;
			productType = "com.apple.product-type.application";
		};
/* End PBXNativeTarget section */

/* Begin PBXProject section */
		28AFF1E72202AD66009839DD /* Project object */ = {
			isa = PBXProject;
			attributes = {
				LastSwiftUpdateCheck = 1010;
				LastUpgradeCheck = 1010;
				ORGANIZATIONNAME = "Sarthak Khillon";
				TargetAttributes = {
					28AFF1EE2202AD66009839DD = {
						CreatedOnToolsVersion = 10.1;
					};
				};
			};
			buildConfigurationList = 28AFF1EA2202AD66009839DD /* Build configuration list for PBXProject "NotHotdogSolution" */;
			compatibilityVersion = "Xcode 9.3";
			developmentRegion = en;
			hasScannedForEncodings = 0;
			knownRegions = (
				en,
				Base,
			);
			mainGroup = 28AFF1E62202AD66009839DD;
			productRefGroup = 28AFF1F02202AD66009839DD /* Products */;
			projectDirPath = "";
			projectRoot = "";
			targets = (
				28AFF1EE2202AD66009839DD /* NotHotdogSolution */,
			);
		};
/* End PBXProject section */

/* Begin PBXResourcesBuildPhase section */
		28AFF1ED2202AD66009839DD /* Resources */ = {
			isa = PBXResourcesBuildPhase;
			buildActionMask = 2147483647;
			files = (
				28AFF2002202AD68009839DD /* LaunchScreen.storyboard in Resources */,
				28AFF1FD2202AD68009839DD /* Assets.xcassets in Resources */,
				28AFF1F82202AD66009839DD /* Main.storyboard in Resources */,
			);
			runOnlyForDeploymentPostprocessing = 0;
		};
/* End PBXResourcesBuildPhase section */

/* Begin PBXSourcesBuildPhase section */
		28AFF1EB2202AD66009839DD /* Sources */ = {
			isa = PBXSourcesBuildPhase;
			buildActionMask = 2147483647;
			files = (
				28AFF1F52202AD66009839DD /* ViewController.swift in Sources */,
				28AFF1FB2202AD66009839DD /* NotHotdogSolution.xcdatamodeld in Sources */,
				28AFF1F32202AD66009839DD /* AppDelegate.swift in Sources */,
			);
			runOnlyForDeploymentPostprocessing = 0;
		};
/* End PBXSourcesBuildPhase section */

/* Begin PBXVariantGroup section */
		28AFF1F62202AD66009839DD /* Main.storyboard */ = {
			isa = PBXVariantGroup;
			children = (
				28AFF1F72202AD66009839DD /* Base */,
			);
			name = Main.storyboard;
			sourceTree = "<group>";
		};
		28AFF1FE2202AD68009839DD /* LaunchScreen.storyboard */ = {
			isa = PBXVariantGroup;
			children = (
				28AFF1FF2202AD68009839DD /* Base */,
			);
			name = LaunchScreen.storyboard;
			sourceTree = "<group>";
		};
/* End PBXVariantGroup section */

/* Begin XCBuildConfiguration section */
		28AFF2022202AD68009839DD /* Debug */ = {
			isa = XCBuildConfiguration;
			buildSettings = {
				ALWAYS_SEARCH_USER_PATHS = NO;
				CLANG_ANALYZER_NONNULL = YES;
				CLANG_ANALYZER_NUMBER_OBJECT_CONVERSION = YES_AGGRESSIVE;
				CLANG_CXX_LANGUAGE_STANDARD = "gnu++14";
				CLANG_CXX_LIBRARY = "libc++";
				CLANG_ENABLE_MODULES = YES;
				CLANG_ENABLE_OBJC_ARC = YES;
				CLANG_ENABLE_OBJC_WEAK = YES;
				CLANG_WARN_BLOCK_CAPTURE_AUTORELEASING = YES;
				CLANG_WARN_BOOL_CONVERSION = YES;
				CLANG_WARN_COMMA = YES;
				CLANG_WARN_CONSTANT_CONVERSION = YES;
				CLANG_WARN_DEPRECATED_OBJC_IMPLEMENTATIONS = YES;
				CLANG_WARN_DIRECT_OBJC_ISA_USAGE = YES_ERROR;
				CLANG_WARN_DOCUMENTATION_COMMENTS = YES;
				CLANG_WARN_EMPTY_BODY = YES;
				CLANG_WARN_ENUM_CONVERSION = YES;
				CLANG_WARN_INFINITE_RECURSION = YES;
				CLANG_WARN_INT_CONVERSION = YES;
				CLANG_WARN_NON_LITERAL_NULL_CONVERSION = YES;
				CLANG_WARN_OBJC_IMPLICIT_RETAIN_SELF = YES;
				CLANG_WARN_OBJC_LITERAL_CONVERSION = YES;
				CLANG_WARN_OBJC_ROOT_CLASS = YES_ERROR;
				CLANG_WARN_RANGE_LOOP_ANALYSIS = YES;
				CLANG_WARN_STRICT_PROTOTYPES = YES;
				CLANG_WARN_SUSPICIOUS_MOVE = YES;
				CLANG_WARN_UNGUARDED_AVAILABILITY = YES_AGGRESSIVE;
				CLANG_WARN_UNREACHABLE_CODE = YES;
				CLANG_WARN__DUPLICATE_METHOD_MATCH = YES;
				CODE_SIGN_IDENTITY = "iPhone Developer";
				COPY_PHASE_STRIP = NO;
				DEBUG_INFORMATION_FORMAT = dwarf;
				ENABLE_STRICT_OBJC_MSGSEND = YES;
				ENABLE_TESTABILITY = YES;
				GCC_C_LANGUAGE_STANDARD = gnu11;
				GCC_DYNAMIC_NO_PIC = NO;
				GCC_NO_COMMON_BLOCKS = YES;
				GCC_OPTIMIZATION_LEVEL = 0;
				GCC_PREPROCESSOR_DEFINITIONS = (
					"DEBUG=1",
					"$(inherited)",
				);
				GCC_WARN_64_TO_32_BIT_CONVERSION = YES;
				GCC_WARN_ABOUT_RETURN_TYPE = YES_ERROR;
				GCC_WARN_UNDECLARED_SELECTOR = YES;
				GCC_WARN_UNINITIALIZED_AUTOS = YES_AGGRESSIVE;
				GCC_WARN_UNUSED_FUNCTION = YES;
				GCC_WARN_UNUSED_VARIABLE = YES;
				IPHONEOS_DEPLOYMENT_TARGET = 12.1;
				MTL_ENABLE_DEBUG_INFO = INCLUDE_SOURCE;
				MTL_FAST_MATH = YES;
				ONLY_ACTIVE_ARCH = YES;
				SDKROOT = iphoneos;
				SWIFT_ACTIVE_COMPILATION_CONDITIONS = DEBUG;
				SWIFT_OPTIMIZATION_LEVEL = "-Onone";
			};
			name = Debug;
		};
		28AFF2032202AD68009839DD /* Release */ = {
			isa = XCBuildConfiguration;
			buildSettings = {
				ALWAYS_SEARCH_USER_PATHS = NO;
				CLANG_ANALYZER_NONNULL = YES;
				CLANG_ANALYZER_NUMBER_OBJECT_CONVERSION = YES_AGGRESSIVE;
				CLANG_CXX_LANGUAGE_STANDARD = "gnu++14";
				CLANG_CXX_LIBRARY = "libc++";
				CLANG_ENABLE_MODULES = YES;
				CLANG_ENABLE_OBJC_ARC = YES;
				CLANG_ENABLE_OBJC_WEAK = YES;
				CLANG_WARN_BLOCK_CAPTURE_AUTORELEASING = YES;
				CLANG_WARN_BOOL_CONVERSION = YES;
				CLANG_WARN_COMMA = YES;
				CLANG_WARN_CONSTANT_CONVERSION = YES;
				CLANG_WARN_DEPRECATED_OBJC_IMPLEMENTATIONS = YES;
				CLANG_WARN_DIRECT_OBJC_ISA_USAGE = YES_ERROR;
				CLANG_WARN_DOCUMENTATION_COMMENTS = YES;
				CLANG_WARN_EMPTY_BODY = YES;
				CLANG_WARN_ENUM_CONVERSION = YES;
				CLANG_WARN_INFINITE_RECURSION = YES;
				CLANG_WARN_INT_CONVERSION = YES;
				CLANG_WARN_NON_LITERAL_NULL_CONVERSION = YES;
				CLANG_WARN_OBJC_IMPLICIT_RETAIN_SELF = YES;
				CLANG_WARN_OBJC_LITERAL_CONVERSION = YES;
				CLANG_WARN_OBJC_ROOT_CLASS = YES_ERROR;
				CLANG_WARN_RANGE_LOOP_ANALYSIS = YES;
				CLANG_WARN_STRICT_PROTOTYPES = YES;
				CLANG_WARN_SUSPICIOUS_MOVE = YES;
				CLANG_WARN_UNGUARDED_AVAILABILITY = YES_AGGRESSIVE;
				CLANG_WARN_UNREACHABLE_CODE = YES;
				CLANG_WARN__DUPLICATE_METHOD_MATCH = YES;
				CODE_SIGN_IDENTITY = "iPhone Developer";
				COPY_PHASE_STRIP = NO;
				DEBUG_INFORMATION_FORMAT = "dwarf-with-dsym";
				ENABLE_NS_ASSERTIONS = NO;
				ENABLE_STRICT_OBJC_MSGSEND = YES;
				GCC_C_LANGUAGE_STANDARD = gnu11;
				GCC_NO_COMMON_BLOCKS = YES;
				GCC_WARN_64_TO_32_BIT_CONVERSION = YES;
				GCC_WARN_ABOUT_RETURN_TYPE = YES_ERROR;
				GCC_WARN_UNDECLARED_SELECTOR = YES;
				GCC_WARN_UNINITIALIZED_AUTOS = YES_AGGRESSIVE;
				GCC_WARN_UNUSED_FUNCTION = YES;
				GCC_WARN_UNUSED_VARIABLE = YES;
				IPHONEOS_DEPLOYMENT_TARGET = 12.1;
				MTL_ENABLE_DEBUG_INFO = NO;
				MTL_FAST_MATH = YES;
				SDKROOT = iphoneos;
				SWIFT_COMPILATION_MODE = wholemodule;
				SWIFT_OPTIMIZATION_LEVEL = "-O";
				VALIDATE_PRODUCT = YES;
			};
			name = Release;
		};
		28AFF2052202AD68009839DD /* Debug */ = {
			isa = XCBuildConfiguration;
			buildSettings = {
				ASSETCATALOG_COMPILER_APPICON_NAME = AppIcon;
				CODE_SIGN_STYLE = Automatic;
				DEVELOPMENT_TEAM = KAE97MM9RT;
				INFOPLIST_FILE = NotHotdogSolution/Info.plist;
				LD_RUNPATH_SEARCH_PATHS = (
					"$(inherited)",
					"@executable_path/Frameworks",
				);
				PRODUCT_BUNDLE_IDENTIFIER = com.sarthakkhillon.NotHotdogSolution;
				PRODUCT_NAME = "$(TARGET_NAME)";
				SWIFT_VERSION = 4.2;
				TARGETED_DEVICE_FAMILY = "1,2";
			};
			name = Debug;
		};
		28AFF2062202AD68009839DD /* Release */ = {
			isa = XCBuildConfiguration;
			buildSettings = {
				ASSETCATALOG_COMPILER_APPICON_NAME = AppIcon;
				CODE_SIGN_STYLE = Automatic;
				DEVELOPMENT_TEAM = KAE97MM9RT;
				INFOPLIST_FILE = NotHotdogSolution/Info.plist;
				LD_RUNPATH_SEARCH_PATHS = (
					"$(inherited)",
					"@executable_path/Frameworks",
				);
				PRODUCT_BUNDLE_IDENTIFIER = com.sarthakkhillon.NotHotdogSolution;
				PRODUCT_NAME = "$(TARGET_NAME)";
				SWIFT_VERSION = 4.2;
				TARGETED_DEVICE_FAMILY = "1,2";
			};
			name = Release;
		};
/* End XCBuildConfiguration section */

/* Begin XCConfigurationList section */
		28AFF1EA2202AD66009839DD /* Build configuration list for PBXProject "NotHotdogSolution" */ = {
			isa = XCConfigurationList;
			buildConfigurations = (
				28AFF2022202AD68009839DD /* Debug */,
				28AFF2032202AD68009839DD /* Release */,
			);
			defaultConfigurationIsVisible = 0;
			defaultConfigurationName = Release;
		};
		28AFF2042202AD68009839DD /* Build configuration list for PBXNativeTarget "NotHotdogSolution" */ = {
			isa = XCConfigurationList;
			buildConfigurations = (
				28AFF2052202AD68009839DD /* Debug */,
				28AFF2062202AD68009839DD /* Release */,
			);
			defaultConfigurationIsVisible = 0;
			defaultConfigurationName = Release;
		};
/* End XCConfigurationList section */

/* Begin XCVersionGroup section */
		28AFF1F92202AD66009839DD /* NotHotdogSolution.xcdatamodeld */ = {
			isa = XCVersionGroup;
			children = (
				28AFF1FA2202AD66009839DD /* NotHotdogSolution.xcdatamodel */,
			);
			currentVersion = 28AFF1FA2202AD66009839DD /* NotHotdogSolution.xcdatamodel */;
			path = NotHotdogSolution.xcdatamodeld;
			sourceTree = "<group>";
			versionGroupType = wrapper.xcdatamodel;
		};
/* End XCVersionGroup section */
	};
	rootObject = 28AFF1E72202AD66009839DD /* Project object */;
}
